
Microsoft Visual Studio Solution File, Format Version 11.00
# Visual Studio 2010
Project("{8BC9CEB8-8B4A-11D0-8D11-00A0C91BC942}") = "20140916_편민형_C언어", "20140916_편민형_C언어\20140916_편민형_C언어.vcxproj", "{D978CFB7-5620-413B-931D-3DA2336CB051}"
EndProject
Global
	GlobalSection(SolutionConfigurationPlatforms) = preSolution
		Debug|Win32 = Debug|Win32
		Release|Win32 = Release|Win32
	EndGlobalSection
	GlobalSection(ProjectConfigurationPlatforms) = postSolution
		{D978CFB7-5620-413B-931D-3DA2336CB051}.Debug|Win32.ActiveCfg = Debug|Win32
		{D978CFB7-5620-413B-931D-3DA2336CB051}.Debug|Win32.Build.0 = Debug|Win32
		{D978CFB7-5620-413B-931D-3DA2336CB051}.Release|Win32.ActiveCfg = Release|Win32
		{D978CFB7-5620-413B-931D-3DA2336CB051}.Release|Win32.Build.0 = Release|Win32
	EndGlobalSection
	GlobalSection(SolutionProperties) = preSolution
		HideSolutionNode = FALSE
	EndGlobalSection
EndGlobal
